// !$*UTF8*$!
{
	archiveVersion = 1;
	classes = {
	};
	objectVersion = 50;
	objects = {

/* Begin PBXBuildFile section */
		42FDA931D689C5B4B3EC1CC3 /* Pods_Class03.framework in Frameworks */ = {isa = PBXBuildFile; fileRef = E35DC47A19D269573F502D8D /* Pods_Class03.framework */; };
		DA7F36C68BBF03ED0925DC78 /* Pods_Class03Tests.framework in Frameworks */ = {isa = PBXBuildFile; fileRef = AFDDB24E117A0A067E5243E2 /* Pods_Class03Tests.framework */; };
		F43509FE22924B2B007BBD51 /* AsyncRequestWorker.swift in Sources */ = {isa = PBXBuildFile; fileRef = F43509FD22924B2B007BBD51 /* AsyncRequestWorker.swift */; };
		F4C0919D22891F9E0041245A /* WebKit.framework in Frameworks */ = {isa = PBXBuildFile; fileRef = F4C0919C22891F9E0041245A /* WebKit.framework */; };
		F4C4B4EC229B873B00820826 /* FileWorker.swift in Sources */ = {isa = PBXBuildFile; fileRef = F4C4B4EB229B873B00820826 /* FileWorker.swift */; };
		F4C4B4EE229B941200820826 /* ServiceCategoryContext.swift in Sources */ = {isa = PBXBuildFile; fileRef = F4C4B4ED229B941200820826 /* ServiceCategoryContext.swift */; };
		F4CA0FC322A4AD4E0021B169 /* ServiceCategory.swift in Sources */ = {isa = PBXBuildFile; fileRef = F4CA0FC222A4AD4E0021B169 /* ServiceCategory.swift */; };
		F4CA0FC522A4AD950021B169 /* Store.swift in Sources */ = {isa = PBXBuildFile; fileRef = F4CA0FC422A4AD950021B169 /* Store.swift */; };
		F4CA0FC922A4B48C0021B169 /* ImageViewController.swift in Sources */ = {isa = PBXBuildFile; fileRef = F4CA0FC822A4B48C0021B169 /* ImageViewController.swift */; };
		F4CA0FCB22A4C4B30021B169 /* MyMapViewController.swift in Sources */ = {isa = PBXBuildFile; fileRef = F4CA0FCA22A4C4B30021B169 /* MyMapViewController.swift */; };
		F5496A47B4BE175247FBB9A6 /* Pods_Class03UITests.framework in Frameworks */ = {isa = PBXBuildFile; fileRef = B904A3211B976F2CF058D4B6 /* Pods_Class03UITests.framework */; };
		FF84BBE4226436CA00BB18AF /* AppDelegate.swift in Sources */ = {isa = PBXBuildFile; fileRef = FF84BBE3226436CA00BB18AF /* AppDelegate.swift */; };
		FF84BBE6226436CA00BB18AF /* ViewController.swift in Sources */ = {isa = PBXBuildFile; fileRef = FF84BBE5226436CA00BB18AF /* ViewController.swift */; };
		FF84BBE9226436CA00BB18AF /* Main.storyboard in Resources */ = {isa = PBXBuildFile; fileRef = FF84BBE7226436CA00BB18AF /* Main.storyboard */; };
		FF84BBEB226436CC00BB18AF /* Assets.xcassets in Resources */ = {isa = PBXBuildFile; fileRef = FF84BBEA226436CC00BB18AF /* Assets.xcassets */; };
		FF84BBEE226436CC00BB18AF /* LaunchScreen.storyboard in Resources */ = {isa = PBXBuildFile; fileRef = FF84BBEC226436CC00BB18AF /* LaunchScreen.storyboard */; };
		FF84BBF9226436CC00BB18AF /* Class03Tests.swift in Sources */ = {isa = PBXBuildFile; fileRef = FF84BBF8226436CC00BB18AF /* Class03Tests.swift */; };
		FF84BC04226436CC00BB18AF /* Class03UITests.swift in Sources */ = {isa = PBXBuildFile; fileRef = FF84BC03226436CC00BB18AF /* Class03UITests.swift */; };
		FFFA5601227FDEE000EEBC6B /* MyBrowserViewController.swift in Sources */ = {isa = PBXBuildFile; fileRef = FFFA5600227FDEE000EEBC6B /* MyBrowserViewController.swift */; };
/* End PBXBuildFile section */

/* Begin PBXContainerItemProxy section */
		FF84BBF5226436CC00BB18AF /* PBXContainerItemProxy */ = {
			isa = PBXContainerItemProxy;
			containerPortal = FF84BBD8226436CA00BB18AF /* Project object */;
			proxyType = 1;
			remoteGlobalIDString = FF84BBDF226436CA00BB18AF;
			remoteInfo = Class03;
		};
		FF84BC00226436CC00BB18AF /* PBXContainerItemProxy */ = {
			isa = PBXContainerItemProxy;
			containerPortal = FF84BBD8226436CA00BB18AF /* Project object */;
			proxyType = 1;
			remoteGlobalIDString = FF84BBDF226436CA00BB18AF;
			remoteInfo = Class03;
		};
/* End PBXContainerItemProxy section */

/* Begin PBXFileReference section */
		24E1C8B442BBEB34A42EFA28 /* Pods-Class03Tests.release.xcconfig */ = {isa = PBXFileReference; includeInIndex = 1; lastKnownFileType = text.xcconfig; name = "Pods-Class03Tests.release.xcconfig"; path = "Target Support Files/Pods-Class03Tests/Pods-Class03Tests.release.xcconfig"; sourceTree = "<group>"; };
		7D5797950EB93968C43DB608 /* Pods-Class03.release.xcconfig */ = {isa = PBXFileReference; includeInIndex = 1; lastKnownFileType = text.xcconfig; name = "Pods-Class03.release.xcconfig"; path = "Target Support Files/Pods-Class03/Pods-Class03.release.xcconfig"; sourceTree = "<group>"; };
		A13AE41B33A44BAA976B4240 /* Pods-Class03UITests.release.xcconfig */ = {isa = PBXFileReference; includeInIndex = 1; lastKnownFileType = text.xcconfig; name = "Pods-Class03UITests.release.xcconfig"; path = "Target Support Files/Pods-Class03UITests/Pods-Class03UITests.release.xcconfig"; sourceTree = "<group>"; };
		AFDDB24E117A0A067E5243E2 /* Pods_Class03Tests.framework */ = {isa = PBXFileReference; explicitFileType = wrapper.framework; includeInIndex = 0; path = Pods_Class03Tests.framework; sourceTree = BUILT_PRODUCTS_DIR; };
		B904A3211B976F2CF058D4B6 /* Pods_Class03UITests.framework */ = {isa = PBXFileReference; explicitFileType = wrapper.framework; includeInIndex = 0; path = Pods_Class03UITests.framework; sourceTree = BUILT_PRODUCTS_DIR; };
		C42637107FF36829081EE2F1 /* Pods-Class03Tests.debug.xcconfig */ = {isa = PBXFileReference; includeInIndex = 1; lastKnownFileType = text.xcconfig; name = "Pods-Class03Tests.debug.xcconfig"; path = "Target Support Files/Pods-Class03Tests/Pods-Class03Tests.debug.xcconfig"; sourceTree = "<group>"; };
		E35DC47A19D269573F502D8D /* Pods_Class03.framework */ = {isa = PBXFileReference; explicitFileType = wrapper.framework; includeInIndex = 0; path = Pods_Class03.framework; sourceTree = BUILT_PRODUCTS_DIR; };
		EF8082502D786B5458A6130E /* Pods-Class03.debug.xcconfig */ = {isa = PBXFileReference; includeInIndex = 1; lastKnownFileType = text.xcconfig; name = "Pods-Class03.debug.xcconfig"; path = "Target Support Files/Pods-Class03/Pods-Class03.debug.xcconfig"; sourceTree = "<group>"; };
		F43509FD22924B2B007BBD51 /* AsyncRequestWorker.swift */ = {isa = PBXFileReference; lastKnownFileType = sourcecode.swift; path = AsyncRequestWorker.swift; sourceTree = "<group>"; };
		F4C0919C22891F9E0041245A /* WebKit.framework */ = {isa = PBXFileReference; lastKnownFileType = wrapper.framework; name = WebKit.framework; path = System/Library/Frameworks/WebKit.framework; sourceTree = SDKROOT; };
		F4C4B4EB229B873B00820826 /* FileWorker.swift */ = {isa = PBXFileReference; lastKnownFileType = sourcecode.swift; path = FileWorker.swift; sourceTree = "<group>"; };
		F4C4B4ED229B941200820826 /* ServiceCategoryContext.swift */ = {isa = PBXFileReference; lastKnownFileType = sourcecode.swift; path = ServiceCategoryContext.swift; sourceTree = "<group>"; };
		F4CA0FC222A4AD4E0021B169 /* ServiceCategory.swift */ = {isa = PBXFileReference; lastKnownFileType = sourcecode.swift; path = ServiceCategory.swift; sourceTree = "<group>"; };
		F4CA0FC422A4AD950021B169 /* Store.swift */ = {isa = PBXFileReference; lastKnownFileType = sourcecode.swift; path = Store.swift; sourceTree = "<group>"; };
		F4CA0FC822A4B48C0021B169 /* ImageViewController.swift */ = {isa = PBXFileReference; lastKnownFileType = sourcecode.swift; path = ImageViewController.swift; sourceTree = "<group>"; };
		F4CA0FCA22A4C4B30021B169 /* MyMapViewController.swift */ = {isa = PBXFileReference; lastKnownFileType = sourcecode.swift; path = MyMapViewController.swift; sourceTree = "<group>"; };
		FA9D8849BBE9A941A0D284E0 /* Pods-Class03UITests.debug.xcconfig */ = {isa = PBXFileReference; includeInIndex = 1; lastKnownFileType = text.xcconfig; name = "Pods-Class03UITests.debug.xcconfig"; path = "Target Support Files/Pods-Class03UITests/Pods-Class03UITests.debug.xcconfig"; sourceTree = "<group>"; };
		FF84BBE0226436CA00BB18AF /* Class03.app */ = {isa = PBXFileReference; explicitFileType = wrapper.application; includeInIndex = 0; path = Class03.app; sourceTree = BUILT_PRODUCTS_DIR; };
		FF84BBE3226436CA00BB18AF /* AppDelegate.swift */ = {isa = PBXFileReference; lastKnownFileType = sourcecode.swift; path = AppDelegate.swift; sourceTree = "<group>"; };
		FF84BBE5226436CA00BB18AF /* ViewController.swift */ = {isa = PBXFileReference; lastKnownFileType = sourcecode.swift; path = ViewController.swift; sourceTree = "<group>"; };
		FF84BBE8226436CA00BB18AF /* Base */ = {isa = PBXFileReference; lastKnownFileType = file.storyboard; name = Base; path = Base.lproj/Main.storyboard; sourceTree = "<group>"; };
		FF84BBEA226436CC00BB18AF /* Assets.xcassets */ = {isa = PBXFileReference; lastKnownFileType = folder.assetcatalog; path = Assets.xcassets; sourceTree = "<group>"; };
		FF84BBED226436CC00BB18AF /* Base */ = {isa = PBXFileReference; lastKnownFileType = file.storyboard; name = Base; path = Base.lproj/LaunchScreen.storyboard; sourceTree = "<group>"; };
		FF84BBEF226436CC00BB18AF /* Info.plist */ = {isa = PBXFileReference; lastKnownFileType = text.plist.xml; path = Info.plist; sourceTree = "<group>"; };
		FF84BBF4226436CC00BB18AF /* Class03Tests.xctest */ = {isa = PBXFileReference; explicitFileType = wrapper.cfbundle; includeInIndex = 0; path = Class03Tests.xctest; sourceTree = BUILT_PRODUCTS_DIR; };
		FF84BBF8226436CC00BB18AF /* Class03Tests.swift */ = {isa = PBXFileReference; lastKnownFileType = sourcecode.swift; path = Class03Tests.swift; sourceTree = "<group>"; };
		FF84BBFA226436CC00BB18AF /* Info.plist */ = {isa = PBXFileReference; lastKnownFileType = text.plist.xml; path = Info.plist; sourceTree = "<group>"; };
		FF84BBFF226436CC00BB18AF /* Class03UITests.xctest */ = {isa = PBXFileReference; explicitFileType = wrapper.cfbundle; includeInIndex = 0; path = Class03UITests.xctest; sourceTree = BUILT_PRODUCTS_DIR; };
		FF84BC03226436CC00BB18AF /* Class03UITests.swift */ = {isa = PBXFileReference; lastKnownFileType = sourcecode.swift; path = Class03UITests.swift; sourceTree = "<group>"; };
		FF84BC05226436CC00BB18AF /* Info.plist */ = {isa = PBXFileReference; lastKnownFileType = text.plist.xml; path = Info.plist; sourceTree = "<group>"; };
		FFFA5600227FDEE000EEBC6B /* MyBrowserViewController.swift */ = {isa = PBXFileReference; lastKnownFileType = sourcecode.swift; path = MyBrowserViewController.swift; sourceTree = "<group>"; };
/* End PBXFileReference section */

/* Begin PBXFrameworksBuildPhase section */
		FF84BBDD226436CA00BB18AF /* Frameworks */ = {
			isa = PBXFrameworksBuildPhase;
			buildActionMask = 2147483647;
			files = (
				F4C0919D22891F9E0041245A /* WebKit.framework in Frameworks */,
				42FDA931D689C5B4B3EC1CC3 /* Pods_Class03.framework in Frameworks */,
			);
			runOnlyForDeploymentPostprocessing = 0;
		};
		FF84BBF1226436CC00BB18AF /* Frameworks */ = {
			isa = PBXFrameworksBuildPhase;
			buildActionMask = 2147483647;
			files = (
				DA7F36C68BBF03ED0925DC78 /* Pods_Class03Tests.framework in Frameworks */,
			);
			runOnlyForDeploymentPostprocessing = 0;
		};
		FF84BBFC226436CC00BB18AF /* Frameworks */ = {
			isa = PBXFrameworksBuildPhase;
			buildActionMask = 2147483647;
			files = (
				F5496A47B4BE175247FBB9A6 /* Pods_Class03UITests.framework in Frameworks */,
			);
			runOnlyForDeploymentPostprocessing = 0;
		};
/* End PBXFrameworksBuildPhase section */

/* Begin PBXGroup section */
		DF254388C3738C9E936C9C1B /* Pods */ = {
			isa = PBXGroup;
			children = (
				EF8082502D786B5458A6130E /* Pods-Class03.debug.xcconfig */,
				7D5797950EB93968C43DB608 /* Pods-Class03.release.xcconfig */,
				C42637107FF36829081EE2F1 /* Pods-Class03Tests.debug.xcconfig */,
				24E1C8B442BBEB34A42EFA28 /* Pods-Class03Tests.release.xcconfig */,
				FA9D8849BBE9A941A0D284E0 /* Pods-Class03UITests.debug.xcconfig */,
				A13AE41B33A44BAA976B4240 /* Pods-Class03UITests.release.xcconfig */,
			);
			path = Pods;
			sourceTree = "<group>";
		};
		F4C0919B22891F9D0041245A /* Frameworks */ = {
			isa = PBXGroup;
			children = (
				F4C0919C22891F9E0041245A /* WebKit.framework */,
				E35DC47A19D269573F502D8D /* Pods_Class03.framework */,
				AFDDB24E117A0A067E5243E2 /* Pods_Class03Tests.framework */,
				B904A3211B976F2CF058D4B6 /* Pods_Class03UITests.framework */,
			);
			name = Frameworks;
			sourceTree = "<group>";
		};
		FF84BBD7226436CA00BB18AF = {
			isa = PBXGroup;
			children = (
				FF84BBE2226436CA00BB18AF /* Class03 */,
				FF84BBF7226436CC00BB18AF /* Class03Tests */,
				FF84BC02226436CC00BB18AF /* Class03UITests */,
				FF84BBE1226436CA00BB18AF /* Products */,
				F4C0919B22891F9D0041245A /* Frameworks */,
				DF254388C3738C9E936C9C1B /* Pods */,
			);
			sourceTree = "<group>";
		};
		FF84BBE1226436CA00BB18AF /* Products */ = {
			isa = PBXGroup;
			children = (
				FF84BBE0226436CA00BB18AF /* Class03.app */,
				FF84BBF4226436CC00BB18AF /* Class03Tests.xctest */,
				FF84BBFF226436CC00BB18AF /* Class03UITests.xctest */,
			);
			name = Products;
			sourceTree = "<group>";
		};
		FF84BBE2226436CA00BB18AF /* Class03 */ = {
			isa = PBXGroup;
			children = (
				FF84BBE3226436CA00BB18AF /* AppDelegate.swift */,
				FF84BBE5226436CA00BB18AF /* ViewController.swift */,
				FF84BBE7226436CA00BB18AF /* Main.storyboard */,
				FF84BBEA226436CC00BB18AF /* Assets.xcassets */,
				FF84BBEC226436CC00BB18AF /* LaunchScreen.storyboard */,
				FF84BBEF226436CC00BB18AF /* Info.plist */,
				FFFA5600227FDEE000EEBC6B /* MyBrowserViewController.swift */,
				F43509FD22924B2B007BBD51 /* AsyncRequestWorker.swift */,
				F4C4B4EB229B873B00820826 /* FileWorker.swift */,
				F4C4B4ED229B941200820826 /* ServiceCategoryContext.swift */,
				F4CA0FC222A4AD4E0021B169 /* ServiceCategory.swift */,
				F4CA0FC422A4AD950021B169 /* Store.swift */,
				F4CA0FC822A4B48C0021B169 /* ImageViewController.swift */,
				F4CA0FCA22A4C4B30021B169 /* MyMapViewController.swift */,
			);
			path = Class03;
			sourceTree = "<group>";
		};
		FF84BBF7226436CC00BB18AF /* Class03Tests */ = {
			isa = PBXGroup;
			children = (
				FF84BBF8226436CC00BB18AF /* Class03Tests.swift */,
				FF84BBFA226436CC00BB18AF /* Info.plist */,
			);
			path = Class03Tests;
			sourceTree = "<group>";
		};
		FF84BC02226436CC00BB18AF /* Class03UITests */ = {
			isa = PBXGroup;
			children = (
				FF84BC03226436CC00BB18AF /* Class03UITests.swift */,
				FF84BC05226436CC00BB18AF /* Info.plist */,
			);
			path = Class03UITests;
			sourceTree = "<group>";
		};
/* End PBXGroup section */

/* Begin PBXNativeTarget section */
		FF84BBDF226436CA00BB18AF /* Class03 */ = {
			isa = PBXNativeTarget;
			buildConfigurationList = FF84BC08226436CC00BB18AF /* Build configuration list for PBXNativeTarget "Class03" */;
			buildPhases = (
				9F60428C76480568A214F342 /* [CP] Check Pods Manifest.lock */,
				FF84BBDC226436CA00BB18AF /* Sources */,
				FF84BBDD226436CA00BB18AF /* Frameworks */,
				FF84BBDE226436CA00BB18AF /* Resources */,
				A6573BB967932AF91A8B1EEA /* [CP] Embed Pods Frameworks */,
			);
			buildRules = (
			);
			dependencies = (
			);
			name = Class03;
			productName = Class03;
			productReference = FF84BBE0226436CA00BB18AF /* Class03.app */;
			productType = "com.apple.product-type.application";
		};
		FF84BBF3226436CC00BB18AF /* Class03Tests */ = {
			isa = PBXNativeTarget;
			buildConfigurationList = FF84BC0B226436CC00BB18AF /* Build configuration list for PBXNativeTarget "Class03Tests" */;
			buildPhases = (
				7A3665265658C6542CA5C70B /* [CP] Check Pods Manifest.lock */,
				FF84BBF0226436CC00BB18AF /* Sources */,
				FF84BBF1226436CC00BB18AF /* Frameworks */,
				FF84BBF2226436CC00BB18AF /* Resources */,
			);
			buildRules = (
			);
			dependencies = (
				FF84BBF6226436CC00BB18AF /* PBXTargetDependency */,
			);
			name = Class03Tests;
			productName = Class03Tests;
			productReference = FF84BBF4226436CC00BB18AF /* Class03Tests.xctest */;
			productType = "com.apple.product-type.bundle.unit-test";
		};
		FF84BBFE226436CC00BB18AF /* Class03UITests */ = {
			isa = PBXNativeTarget;
			buildConfigurationList = FF84BC0E226436CC00BB18AF /* Build configuration list for PBXNativeTarget "Class03UITests" */;
			buildPhases = (
				2937454AB5A6ACB6F1180AA0 /* [CP] Check Pods Manifest.lock */,
				FF84BBFB226436CC00BB18AF /* Sources */,
				FF84BBFC226436CC00BB18AF /* Frameworks */,
				FF84BBFD226436CC00BB18AF /* Resources */,
			);
			buildRules = (
			);
			dependencies = (
				FF84BC01226436CC00BB18AF /* PBXTargetDependency */,
			);
			name = Class03UITests;
			productName = Class03UITests;
			productReference = FF84BBFF226436CC00BB18AF /* Class03UITests.xctest */;
			productType = "com.apple.product-type.bundle.ui-testing";
		};
/* End PBXNativeTarget section */

/* Begin PBXProject section */
		FF84BBD8226436CA00BB18AF /* Project object */ = {
			isa = PBXProject;
			attributes = {
				LastSwiftUpdateCheck = 1010;
				LastUpgradeCheck = 1010;
				ORGANIZATIONNAME = "L20102-02";
				TargetAttributes = {
					FF84BBDF226436CA00BB18AF = {
						CreatedOnToolsVersion = 10.1;
					};
					FF84BBF3226436CC00BB18AF = {
						CreatedOnToolsVersion = 10.1;
						TestTargetID = FF84BBDF226436CA00BB18AF;
					};
					FF84BBFE226436CC00BB18AF = {
						CreatedOnToolsVersion = 10.1;
						TestTargetID = FF84BBDF226436CA00BB18AF;
					};
				};
			};
			buildConfigurationList = FF84BBDB226436CA00BB18AF /* Build configuration list for PBXProject "Class03" */;
			compatibilityVersion = "Xcode 9.3";
			developmentRegion = en;
			hasScannedForEncodings = 0;
			knownRegions = (
				en,
				Base,
			);
			mainGroup = FF84BBD7226436CA00BB18AF;
			productRefGroup = FF84BBE1226436CA00BB18AF /* Products */;
			projectDirPath = "";
			projectRoot = "";
			targets = (
				FF84BBDF226436CA00BB18AF /* Class03 */,
				FF84BBF3226436CC00BB18AF /* Class03Tests */,
				FF84BBFE226436CC00BB18AF /* Class03UITests */,
			);
		};
/* End PBXProject section */

/* Begin PBXResourcesBuildPhase section */
		FF84BBDE226436CA00BB18AF /* Resources */ = {
			isa = PBXResourcesBuildPhase;
			buildActionMask = 2147483647;
			files = (
				FF84BBEE226436CC00BB18AF /* LaunchScreen.storyboard in Resources */,
				FF84BBEB226436CC00BB18AF /* Assets.xcassets in Resources */,
				FF84BBE9226436CA00BB18AF /* Main.storyboard in Resources */,
			);
			runOnlyForDeploymentPostprocessing = 0;
		};
		FF84BBF2226436CC00BB18AF /* Resources */ = {
			isa = PBXResourcesBuildPhase;
			buildActionMask = 2147483647;
			files = (
			);
			runOnlyForDeploymentPostprocessing = 0;
		};
		FF84BBFD226436CC00BB18AF /* Resources */ = {
			isa = PBXResourcesBuildPhase;
			buildActionMask = 2147483647;
			files = (
			);
			runOnlyForDeploymentPostprocessing = 0;
		};
/* End PBXResourcesBuildPhase section */

/* Begin PBXShellScriptBuildPhase section */
		2937454AB5A6ACB6F1180AA0 /* [CP] Check Pods Manifest.lock */ = {
			isa = PBXShellScriptBuildPhase;
			buildActionMask = 2147483647;
			files = (
			);
			inputFileListPaths = (
			);
			inputPaths = (
				"${PODS_PODFILE_DIR_PATH}/Podfile.lock",
				"${PODS_ROOT}/Manifest.lock",
			);
			name = "[CP] Check Pods Manifest.lock";
			outputFileListPaths = (
			);
			outputPaths = (
				"$(DERIVED_FILE_DIR)/Pods-Class03UITests-checkManifestLockResult.txt",
			);
			runOnlyForDeploymentPostprocessing = 0;
			shellPath = /bin/sh;
			shellScript = "diff \"${PODS_PODFILE_DIR_PATH}/Podfile.lock\" \"${PODS_ROOT}/Manifest.lock\" > /dev/null\nif [ $? != 0 ] ; then\n    # print error to STDERR\n    echo \"error: The sandbox is not in sync with the Podfile.lock. Run 'pod install' or update your CocoaPods installation.\" >&2\n    exit 1\nfi\n# This output is used by Xcode 'outputs' to avoid re-running this script phase.\necho \"SUCCESS\" > \"${SCRIPT_OUTPUT_FILE_0}\"\n";
			showEnvVarsInLog = 0;
		};
		7A3665265658C6542CA5C70B /* [CP] Check Pods Manifest.lock */ = {
			isa = PBXShellScriptBuildPhase;
			buildActionMask = 2147483647;
			files = (
			);
			inputFileListPaths = (
			);
			inputPaths = (
				"${PODS_PODFILE_DIR_PATH}/Podfile.lock",
				"${PODS_ROOT}/Manifest.lock",
			);
			name = "[CP] Check Pods Manifest.lock";
			outputFileListPaths = (
			);
			outputPaths = (
				"$(DERIVED_FILE_DIR)/Pods-Class03Tests-checkManifestLockResult.txt",
			);
			runOnlyForDeploymentPostprocessing = 0;
			shellPath = /bin/sh;
			shellScript = "diff \"${PODS_PODFILE_DIR_PATH}/Podfile.lock\" \"${PODS_ROOT}/Manifest.lock\" > /dev/null\nif [ $? != 0 ] ; then\n    # print error to STDERR\n    echo \"error: The sandbox is not in sync with the Podfile.lock. Run 'pod install' or update your CocoaPods installation.\" >&2\n    exit 1\nfi\n# This output is used by Xcode 'outputs' to avoid re-running this script phase.\necho \"SUCCESS\" > \"${SCRIPT_OUTPUT_FILE_0}\"\n";
			showEnvVarsInLog = 0;
		};
		9F60428C76480568A214F342 /* [CP] Check Pods Manifest.lock */ = {
			isa = PBXShellScriptBuildPhase;
			buildActionMask = 2147483647;
			files = (
			);
			inputFileListPaths = (
			);
			inputPaths = (
				"${PODS_PODFILE_DIR_PATH}/Podfile.lock",
				"${PODS_ROOT}/Manifest.lock",
			);
			name = "[CP] Check Pods Manifest.lock";
			outputFileListPaths = (
			);
			outputPaths = (
				"$(DERIVED_FILE_DIR)/Pods-Class03-checkManifestLockResult.txt",
			);
			runOnlyForDeploymentPostprocessing = 0;
			shellPath = /bin/sh;
			shellScript = "diff \"${PODS_PODFILE_DIR_PATH}/Podfile.lock\" \"${PODS_ROOT}/Manifest.lock\" > /dev/null\nif [ $? != 0 ] ; then\n    # print error to STDERR\n    echo \"error: The sandbox is not in sync with the Podfile.lock. Run 'pod install' or update your CocoaPods installation.\" >&2\n    exit 1\nfi\n# This output is used by Xcode 'outputs' to avoid re-running this script phase.\necho \"SUCCESS\" > \"${SCRIPT_OUTPUT_FILE_0}\"\n";
			showEnvVarsInLog = 0;
		};
		A6573BB967932AF91A8B1EEA /* [CP] Embed Pods Frameworks */ = {
			isa = PBXShellScriptBuildPhase;
			buildActionMask = 2147483647;
			files = (
			);
			inputFileListPaths = (
			);
			inputPaths = (
				"${PODS_ROOT}/Target Support Files/Pods-Class03/Pods-Class03-frameworks.sh",
				"${BUILT_PRODUCTS_DIR}/SQLite.swift/SQLite.framework",
				"${BUILT_PRODUCTS_DIR}/SwiftyJSON/SwiftyJSON.framework",
			);
			name = "[CP] Embed Pods Frameworks";
			outputFileListPaths = (
			);
			outputPaths = (
				"${TARGET_BUILD_DIR}/${FRAMEWORKS_FOLDER_PATH}/SQLite.framework",
				"${TARGET_BUILD_DIR}/${FRAMEWORKS_FOLDER_PATH}/SwiftyJSON.framework",
			);
			runOnlyForDeploymentPostprocessing = 0;
			shellPath = /bin/sh;
			shellScript = "\"${PODS_ROOT}/Target Support Files/Pods-Class03/Pods-Class03-frameworks.sh\"\n";
			showEnvVarsInLog = 0;
		};
/* End PBXShellScriptBuildPhase section */

/* Begin PBXSourcesBuildPhase section */
		FF84BBDC226436CA00BB18AF /* Sources */ = {
			isa = PBXSourcesBuildPhase;
			buildActionMask = 2147483647;
			files = (
				F4CA0FC322A4AD4E0021B169 /* ServiceCategory.swift in Sources */,
				F4CA0FC922A4B48C0021B169 /* ImageViewController.swift in Sources */,
				F43509FE22924B2B007BBD51 /* AsyncRequestWorker.swift in Sources */,
				F4CA0FCB22A4C4B30021B169 /* MyMapViewController.swift in Sources */,
				F4C4B4EE229B941200820826 /* ServiceCategoryContext.swift in Sources */,
				F4CA0FC522A4AD950021B169 /* Store.swift in Sources */,
				FF84BBE6226436CA00BB18AF /* ViewController.swift in Sources */,
				FFFA5601227FDEE000EEBC6B /* MyBrowserViewController.swift in Sources */,
				F4C4B4EC229B873B00820826 /* FileWorker.swift in Sources */,
				FF84BBE4226436CA00BB18AF /* AppDelegate.swift in Sources */,
			);
			runOnlyForDeploymentPostprocessing = 0;
		};
		FF84BBF0226436CC00BB18AF /* Sources */ = {
			isa = PBXSourcesBuildPhase;
			buildActionMask = 2147483647;
			files = (
				FF84BBF9226436CC00BB18AF /* Class03Tests.swift in Sources */,
			);
			runOnlyForDeploymentPostprocessing = 0;
		};
		FF84BBFB226436CC00BB18AF /* Sources */ = {
			isa = PBXSourcesBuildPhase;
			buildActionMask = 2147483647;
			files = (
				FF84BC04226436CC00BB18AF /* Class03UITests.swift in Sources */,
			);
			runOnlyForDeploymentPostprocessing = 0;
		};
/* End PBXSourcesBuildPhase section */

/* Begin PBXTargetDependency section */
		FF84BBF6226436CC00BB18AF /* PBXTargetDependency */ = {
			isa = PBXTargetDependency;
			target = FF84BBDF226436CA00BB18AF /* Class03 */;
			targetProxy = FF84BBF5226436CC00BB18AF /* PBXContainerItemProxy */;
		};
		FF84BC01226436CC00BB18AF /* PBXTargetDependency */ = {
			isa = PBXTargetDependency;
			target = FF84BBDF226436CA00BB18AF /* Class03 */;
			targetProxy = FF84BC00226436CC00BB18AF /* PBXContainerItemProxy */;
		};
/* End PBXTargetDependency section */

/* Begin PBXVariantGroup section */
		FF84BBE7226436CA00BB18AF /* Main.storyboard */ = {
			isa = PBXVariantGroup;
			children = (
				FF84BBE8226436CA00BB18AF /* Base */,
			);
			name = Main.storyboard;
			sourceTree = "<group>";
		};
		FF84BBEC226436CC00BB18AF /* LaunchScreen.storyboard */ = {
			isa = PBXVariantGroup;
			children = (
				FF84BBED226436CC00BB18AF /* Base */,
			);
			name = LaunchScreen.storyboard;
			sourceTree = "<group>";
		};
/* End PBXVariantGroup section */

/* Begin XCBuildConfiguration section */
		FF84BC06226436CC00BB18AF /* Debug */ = {
			isa = XCBuildConfiguration;
			buildSettings = {
				ALWAYS_SEARCH_USER_PATHS = NO;
				CLANG_ANALYZER_NONNULL = YES;
				CLANG_ANALYZER_NUMBER_OBJECT_CONVERSION = YES_AGGRESSIVE;
				CLANG_CXX_LANGUAGE_STANDARD = "gnu++14";
				CLANG_CXX_LIBRARY = "libc++";
				CLANG_ENABLE_MODULES = YES;
				CLANG_ENABLE_OBJC_ARC = YES;
				CLANG_ENABLE_OBJC_WEAK = YES;
				CLANG_WARN_BLOCK_CAPTURE_AUTORELEASING = YES;
				CLANG_WARN_BOOL_CONVERSION = YES;
				CLANG_WARN_COMMA = YES;
				CLANG_WARN_CONSTANT_CONVERSION = YES;
				CLANG_WARN_DEPRECATED_OBJC_IMPLEMENTATIONS = YES;
				CLANG_WARN_DIRECT_OBJC_ISA_USAGE = YES_ERROR;
				CLANG_WARN_DOCUMENTATION_COMMENTS = YES;
				CLANG_WARN_EMPTY_BODY = YES;
				CLANG_WARN_ENUM_CONVERSION = YES;
				CLANG_WARN_INFINITE_RECURSION = YES;
				CLANG_WARN_INT_CONVERSION = YES;
				CLANG_WARN_NON_LITERAL_NULL_CONVERSION = YES;
				CLANG_WARN_OBJC_IMPLICIT_RETAIN_SELF = YES;
				CLANG_WARN_OBJC_LITERAL_CONVERSION = YES;
				CLANG_WARN_OBJC_ROOT_CLASS = YES_ERROR;
				CLANG_WARN_RANGE_LOOP_ANALYSIS = YES;
				CLANG_WARN_STRICT_PROTOTYPES = YES;
				CLANG_WARN_SUSPICIOUS_MOVE = YES;
				CLANG_WARN_UNGUARDED_AVAILABILITY = YES_AGGRESSIVE;
				CLANG_WARN_UNREACHABLE_CODE = YES;
				CLANG_WARN__DUPLICATE_METHOD_MATCH = YES;
				CODE_SIGN_IDENTITY = "iPhone Developer";
				COPY_PHASE_STRIP = NO;
				DEBUG_INFORMATION_FORMAT = dwarf;
				ENABLE_STRICT_OBJC_MSGSEND = YES;
				ENABLE_TESTABILITY = YES;
				GCC_C_LANGUAGE_STANDARD = gnu11;
				GCC_DYNAMIC_NO_PIC = NO;
				GCC_NO_COMMON_BLOCKS = YES;
				GCC_OPTIMIZATION_LEVEL = 0;
				GCC_PREPROCESSOR_DEFINITIONS = (
					"DEBUG=1",
					"$(inherited)",
				);
				GCC_WARN_64_TO_32_BIT_CONVERSION = YES;
				GCC_WARN_ABOUT_RETURN_TYPE = YES_ERROR;
				GCC_WARN_UNDECLARED_SELECTOR = YES;
				GCC_WARN_UNINITIALIZED_AUTOS = YES_AGGRESSIVE;
				GCC_WARN_UNUSED_FUNCTION = YES;
				GCC_WARN_UNUSED_VARIABLE = YES;
				IPHONEOS_DEPLOYMENT_TARGET = 12.1;
				MTL_ENABLE_DEBUG_INFO = INCLUDE_SOURCE;
				MTL_FAST_MATH = YES;
				ONLY_ACTIVE_ARCH = YES;
				SDKROOT = iphoneos;
				SWIFT_ACTIVE_COMPILATION_CONDITIONS = DEBUG;
				SWIFT_OPTIMIZATION_LEVEL = "-Onone";
			};
			name = Debug;
		};
		FF84BC07226436CC00BB18AF /* Release */ = {
			isa = XCBuildConfiguration;
			buildSettings = {
				ALWAYS_SEARCH_USER_PATHS = NO;
				CLANG_ANALYZER_NONNULL = YES;
				CLANG_ANALYZER_NUMBER_OBJECT_CONVERSION = YES_AGGRESSIVE;
				CLANG_CXX_LANGUAGE_STANDARD = "gnu++14";
				CLANG_CXX_LIBRARY = "libc++";
				CLANG_ENABLE_MODULES = YES;
				CLANG_ENABLE_OBJC_ARC = YES;
				CLANG_ENABLE_OBJC_WEAK = YES;
				CLANG_WARN_BLOCK_CAPTURE_AUTORELEASING = YES;
				CLANG_WARN_BOOL_CONVERSION = YES;
				CLANG_WARN_COMMA = YES;
				CLANG_WARN_CONSTANT_CONVERSION = YES;
				CLANG_WARN_DEPRECATED_OBJC_IMPLEMENTATIONS = YES;
				CLANG_WARN_DIRECT_OBJC_ISA_USAGE = YES_ERROR;
				CLANG_WARN_DOCUMENTATION_COMMENTS = YES;
				CLANG_WARN_EMPTY_BODY = YES;
				CLANG_WARN_ENUM_CONVERSION = YES;
				CLANG_WARN_INFINITE_RECURSION = YES;
				CLANG_WARN_INT_CONVERSION = YES;
				CLANG_WARN_NON_LITERAL_NULL_CONVERSION = YES;
				CLANG_WARN_OBJC_IMPLICIT_RETAIN_SELF = YES;
				CLANG_WARN_OBJC_LITERAL_CONVERSION = YES;
				CLANG_WARN_OBJC_ROOT_CLASS = YES_ERROR;
				CLANG_WARN_RANGE_LOOP_ANALYSIS = YES;
				CLANG_WARN_STRICT_PROTOTYPES = YES;
				CLANG_WARN_SUSPICIOUS_MOVE = YES;
				CLANG_WARN_UNGUARDED_AVAILABILITY = YES_AGGRESSIVE;
				CLANG_WARN_UNREACHABLE_CODE = YES;
				CLANG_WARN__DUPLICATE_METHOD_MATCH = YES;
				CODE_SIGN_IDENTITY = "iPhone Developer";
				COPY_PHASE_STRIP = NO;
				DEBUG_INFORMATION_FORMAT = "dwarf-with-dsym";
				ENABLE_NS_ASSERTIONS = NO;
				ENABLE_STRICT_OBJC_MSGSEND = YES;
				GCC_C_LANGUAGE_STANDARD = gnu11;
				GCC_NO_COMMON_BLOCKS = YES;
				GCC_WARN_64_TO_32_BIT_CONVERSION = YES;
				GCC_WARN_ABOUT_RETURN_TYPE = YES_ERROR;
				GCC_WARN_UNDECLARED_SELECTOR = YES;
				GCC_WARN_UNINITIALIZED_AUTOS = YES_AGGRESSIVE;
				GCC_WARN_UNUSED_FUNCTION = YES;
				GCC_WARN_UNUSED_VARIABLE = YES;
				IPHONEOS_DEPLOYMENT_TARGET = 12.1;
				MTL_ENABLE_DEBUG_INFO = NO;
				MTL_FAST_MATH = YES;
				SDKROOT = iphoneos;
				SWIFT_COMPILATION_MODE = wholemodule;
				SWIFT_OPTIMIZATION_LEVEL = "-O";
				VALIDATE_PRODUCT = YES;
			};
			name = Release;
		};
		FF84BC09226436CC00BB18AF /* Debug */ = {
			isa = XCBuildConfiguration;
			baseConfigurationReference = EF8082502D786B5458A6130E /* Pods-Class03.debug.xcconfig */;
			buildSettings = {
				ASSETCATALOG_COMPILER_APPICON_NAME = AppIcon;
				CODE_SIGN_STYLE = Automatic;
				INFOPLIST_FILE = Class03/Info.plist;
				LD_RUNPATH_SEARCH_PATHS = (
					"$(inherited)",
					"@executable_path/Frameworks",
				);
				PRODUCT_BUNDLE_IDENTIFIER = edu.cjcu.Class03;
				PRODUCT_NAME = "$(TARGET_NAME)";
				SWIFT_VERSION = 4.2;
				TARGETED_DEVICE_FAMILY = "1,2";
			};
			name = Debug;
		};
		FF84BC0A226436CC00BB18AF /* Release */ = {
			isa = XCBuildConfiguration;
			baseConfigurationReference = 7D5797950EB93968C43DB608 /* Pods-Class03.release.xcconfig */;
			buildSettings = {
				ASSETCATALOG_COMPILER_APPICON_NAME = AppIcon;
				CODE_SIGN_STYLE = Automatic;
				INFOPLIST_FILE = Class03/Info.plist;
				LD_RUNPATH_SEARCH_PATHS = (
					"$(inherited)",
					"@executable_path/Frameworks",
				);
				PRODUCT_BUNDLE_IDENTIFIER = edu.cjcu.Class03;
				PRODUCT_NAME = "$(TARGET_NAME)";
				SWIFT_VERSION = 4.2;
				TARGETED_DEVICE_FAMILY = "1,2";
			};
			name = Release;
		};
		FF84BC0C226436CC00BB18AF /* Debug */ = {
			isa = XCBuildConfiguration;
			baseConfigurationReference = C42637107FF36829081EE2F1 /* Pods-Class03Tests.debug.xcconfig */;
			buildSettings = {
				ALWAYS_EMBED_SWIFT_STANDARD_LIBRARIES = YES;
				BUNDLE_LOADER = "$(TEST_HOST)";
				CODE_SIGN_STYLE = Automatic;
				INFOPLIST_FILE = Class03Tests/Info.plist;
				LD_RUNPATH_SEARCH_PATHS = (
					"$(inherited)",
					"@executable_path/Frameworks",
					"@loader_path/Frameworks",
				);
				PRODUCT_BUNDLE_IDENTIFIER = edu.cjcu.Class03Tests;
				PRODUCT_NAME = "$(TARGET_NAME)";
				SWIFT_VERSION = 4.2;
				TARGETED_DEVICE_FAMILY = "1,2";
				TEST_HOST = "$(BUILT_PRODUCTS_DIR)/Class03.app/Class03";
			};
			name = Debug;
		};
		FF84BC0D226436CC00BB18AF /* Release */ = {
			isa = XCBuildConfiguration;
			baseConfigurationReference = 24E1C8B442BBEB34A42EFA28 /* Pods-Class03Tests.release.xcconfig */;
			buildSettings = {
				ALWAYS_EMBED_SWIFT_STANDARD_LIBRARIES = YES;
				BUNDLE_LOADER = "$(TEST_HOST)";
				CODE_SIGN_STYLE = Automatic;
				INFOPLIST_FILE = Class03Tests/Info.plist;
				LD_RUNPATH_SEARCH_PATHS = (
					"$(inherited)",
					"@executable_path/Frameworks",
					"@loader_path/Frameworks",
				);
				PRODUCT_BUNDLE_IDENTIFIER = edu.cjcu.Class03Tests;
				PRODUCT_NAME = "$(TARGET_NAME)";
				SWIFT_VERSION = 4.2;
				TARGETED_DEVICE_FAMILY = "1,2";
				TEST_HOST = "$(BUILT_PRODUCTS_DIR)/Class03.app/Class03";
			};
			name = Release;
		};
		FF84BC0F226436CC00BB18AF /* Debug */ = {
			isa = XCBuildConfiguration;
			baseConfigurationReference = FA9D8849BBE9A941A0D284E0 /* Pods-Class03UITests.debug.xcconfig */;
			buildSettings = {
				ALWAYS_EMBED_SWIFT_STANDARD_LIBRARIES = YES;
				CODE_SIGN_STYLE = Automatic;
				INFOPLIST_FILE = Class03UITests/Info.plist;
				LD_RUNPATH_SEARCH_PATHS = (
					"$(inherited)",
					"@executable_path/Frameworks",
					"@loader_path/Frameworks",
				);
				PRODUCT_BUNDLE_IDENTIFIER = edu.cjcu.Class03UITests;
				PRODUCT_NAME = "$(TARGET_NAME)";
				SWIFT_VERSION = 4.2;
				TARGETED_DEVICE_FAMILY = "1,2";
				TEST_TARGET_NAME = Class03;
			};
			name = Debug;
		};
		FF84BC10226436CC00BB18AF /* Release */ = {
			isa = XCBuildConfiguration;
			baseConfigurationReference = A13AE41B33A44BAA976B4240 /* Pods-Class03UITests.release.xcconfig */;
			buildSettings = {
				ALWAYS_EMBED_SWIFT_STANDARD_LIBRARIES = YES;
				CODE_SIGN_STYLE = Automatic;
				INFOPLIST_FILE = Class03UITests/Info.plist;
				LD_RUNPATH_SEARCH_PATHS = (
					"$(inherited)",
					"@executable_path/Frameworks",
					"@loader_path/Frameworks",
				);
				PRODUCT_BUNDLE_IDENTIFIER = edu.cjcu.Class03UITests;
				PRODUCT_NAME = "$(TARGET_NAME)";
				SWIFT_VERSION = 4.2;
				TARGETED_DEVICE_FAMILY = "1,2";
				TEST_TARGET_NAME = Class03;
			};
			name = Release;
		};
/* End XCBuildConfiguration section */

/* Begin XCConfigurationList section */
		FF84BBDB226436CA00BB18AF /* Build configuration list for PBXProject "Class03" */ = {
			isa = XCConfigurationList;
			buildConfigurations = (
				FF84BC06226436CC00BB18AF /* Debug */,
				FF84BC07226436CC00BB18AF /* Release */,
			);
			defaultConfigurationIsVisible = 0;
			defaultConfigurationName = Release;
		};
		FF84BC08226436CC00BB18AF /* Build configuration list for PBXNativeTarget "Class03" */ = {
			isa = XCConfigurationList;
			buildConfigurations = (
				FF84BC09226436CC00BB18AF /* Debug */,
				FF84BC0A226436CC00BB18AF /* Release */,
			);
			defaultConfigurationIsVisible = 0;
			defaultConfigurationName = Release;
		};
		FF84BC0B226436CC00BB18AF /* Build configuration list for PBXNativeTarget "Class03Tests" */ = {
			isa = XCConfigurationList;
			buildConfigurations = (
				FF84BC0C226436CC00BB18AF /* Debug */,
				FF84BC0D226436CC00BB18AF /* Release */,
			);
			defaultConfigurationIsVisible = 0;
			defaultConfigurationName = Release;
		};
		FF84BC0E226436CC00BB18AF /* Build configuration list for PBXNativeTarget "Class03UITests" */ = {
			isa = XCConfigurationList;
			buildConfigurations = (
				FF84BC0F226436CC00BB18AF /* Debug */,
				FF84BC10226436CC00BB18AF /* Release */,
			);
			defaultConfigurationIsVisible = 0;
			defaultConfigurationName = Release;
		};
/* End XCConfigurationList section */
	};
	rootObject = FF84BBD8226436CA00BB18AF /* Project object */;
}
